
Microsoft Visual Studio Solution File, Format Version 12.00
# Visual Studio Version 16
VisualStudioVersion = 16.0.31321.278
MinimumVisualStudioVersion = 10.0.40219.1
Project("{9A19103F-16F7-4668-BE54-9A1E7A4F7556}") = "leaking-app", "leaking-app.csproj", "{8FA8A0EF-6D3B-476B-B7D1-0AB3C510A7B0}"
EndProject
Project("{E53339B2-1760-4266-BCC7-CA923CBCF16C}") = "docker-compose", "docker-compose.dcproj", "{A5B3CA8C-77F0-4468-87AE-E2F34FB5ACD8}"
EndProject
Global
	GlobalSection(SolutionConfigurationPlatforms) = preSolution
		Debug|Any CPU = Debug|Any CPU
		Release|Any CPU = Release|Any CPU
	EndGlobalSection
	GlobalSection(ProjectConfigurationPlatforms) = postSolution
		{8FA8A0EF-6D3B-476B-B7D1-0AB3C510A7B0}.Debug|Any CPU.ActiveCfg = Debug|Any CPU
		{8FA8A0EF-6D3B-476B-B7D1-0AB3C510A7B0}.Debug|Any CPU.Build.0 = Debug|Any CPU
		{8FA8A0EF-6D3B-476B-B7D1-0AB3C510A7B0}.Release|Any CPU.ActiveCfg = Release|Any CPU
		{8FA8A0EF-6D3B-476B-B7D1-0AB3C510A7B0}.Release|Any CPU.Build.0 = Release|Any CPU
		{A5B3CA8C-77F0-4468-87AE-E2F34FB5ACD8}.Debug|Any CPU.ActiveCfg = Debug|Any CPU
		{A5B3CA8C-77F0-4468-87AE-E2F34FB5ACD8}.Debug|Any CPU.Build.0 = Debug|Any CPU
		{A5B3CA8C-77F0-4468-87AE-E2F34FB5ACD8}.Release|Any CPU.ActiveCfg = Release|Any CPU
		{A5B3CA8C-77F0-4468-87AE-E2F34FB5ACD8}.Release|Any CPU.Build.0 = Release|Any CPU
	EndGlobalSection
	GlobalSection(SolutionProperties) = preSolution
		HideSolutionNode = FALSE
	EndGlobalSection
	GlobalSection(ExtensibilityGlobals) = postSolution
		SolutionGuid = {FE618B57-098A-42CA-A356-8E51AF2EC1F3}
	EndGlobalSection
EndGlobal
